{
  "name": "nodejs-console-app1",
  "version": "0.0.0",
  "lockfileVersion": 1,
  "requires": true,
  "dependencies": {
    "folktale": {
      "version": "2.3.2",
      "resolved": "https://registry.npmjs.org/folktale/-/folktale-2.3.2.tgz",
      "integrity": "sha512-+8GbtQBwEqutP0v3uajDDoN64K2ehmHd0cjlghhxh0WpcfPzAIjPA03e1VvHlxL02FVGR0A6lwXsNQKn3H1RNQ=="
    },
    "install": {
      "version": "0.12.2",
      "resolved": "https://registry.npmjs.org/install/-/install-0.12.2.tgz",
      "integrity": "sha512-+7thTb4Rpvs9mnlhHKGZFJbGOO6kyMgy+gg0sgM5vFzIFK0wrCYXqdlaM71Bi289DTuPHf61puMFsaZBcwDIrg=="
    },
    "monet": {
      "version": "0.9.0",
      "resolved": "https://registry.npmjs.org/monet/-/monet-0.9.0.tgz",
      "integrity": "sha512-63UOb3RD3zXP3F2kMhYDKZD0V4HBxWgaIHNkp1p+BBCS1AYX51o0o9JJ31KZKuX4aISw4lUwaH4oFbyiKsswgg=="
    },
    "node-fetch": {
      "version": "2.3.0",
      "resolved": "https://registry.npmjs.org/node-fetch/-/node-fetch-2.3.0.tgz",
      "integrity": "sha512-MOd8pV3fxENbryESLgVIeaGKrdl+uaYhCSSVkjeOb/31/njTpcis5aWfdqgNlHIrKOLRbMnfPINPOML2CIFeXA=="
    },
    "pratica": {
      "version": "1.6.1",
      "resolved": "https://registry.npmjs.org/pratica/-/pratica-1.6.1.tgz",
      "integrity": "sha512-tedOXdfA8up35cO3DOq953hu7877SyZtsWfU6+VRCYrZ0kjYK9fUzggZKYgMxas/O5gmG/xYrSiMsBXxRgWKrg=="
    },
    "sanctuary": {
      "version": "2.0.0",
      "resolved": "https://registry.npmjs.org/sanctuary/-/sanctuary-2.0.0.tgz",
      "integrity": "sha512-FYjhCKBS7meY4Lrjsx7CL+2+qnCsgUqJUvFYoLU7ahiGM8LqTOkhAtdGZGG+bhCIP0iCEfDWRq35pQJTfmtFrg==",
      "requires": {
        "sanctuary-def": "0.20.0",
        "sanctuary-either": "1.2.0",
        "sanctuary-maybe": "1.2.0",
        "sanctuary-pair": "1.2.0",
        "sanctuary-show": "1.0.0",
        "sanctuary-type-classes": "11.0.0",
        "sanctuary-type-identifiers": "2.0.1"
      }
    },
    "sanctuary-def": {
      "version": "0.20.0",
      "resolved": "https://registry.npmjs.org/sanctuary-def/-/sanctuary-def-0.20.0.tgz",
      "integrity": "sha512-BjDwAq+4aHZhKyOR35oVfVkCOLfKMOVw6UqQfkzL/Ul5G290J0nITSmnM9fP6EaH2rV/0quR7wgoCgX5Um5YGg==",
      "requires": {
        "sanctuary-either": "1.1.0",
        "sanctuary-show": "1.0.x",
        "sanctuary-type-classes": "11.0.x",
        "sanctuary-type-identifiers": "2.0.x"
      },
      "dependencies": {
        "sanctuary-either": {
          "version": "1.1.0",
          "resolved": "https://registry.npmjs.org/sanctuary-either/-/sanctuary-either-1.1.0.tgz",
          "integrity": "sha512-tQewdQTPKzuJGahV5iuILJM96I+AfIFn3vpi0s2FhHYENbRqO4JeFSWLNT1mJ9SupSJBopgWefWeUjq/ZKfdtg==",
          "requires": {
            "sanctuary-show": "1.0.x",
            "sanctuary-type-classes": "10.0.0"
          },
          "dependencies": {
            "sanctuary-type-classes": {
              "version": "10.0.0",
              "resolved": "https://registry.npmjs.org/sanctuary-type-classes/-/sanctuary-type-classes-10.0.0.tgz",
              "integrity": "sha512-h5Q1VkW/CmVbmoWDf6HdsgJbx5gc3n6R5lRzzKRssYSkghmqEuAr+0ThJs/bqJK8aiQwh3N2PXP4ZppYEDlSdg==",
              "requires": {
                "sanctuary-type-identifiers": "2.0.1"
              }
            }
          }
        }
      }
    },
    "sanctuary-either": {
      "version": "1.2.0",
      "resolved": "https://registry.npmjs.org/sanctuary-either/-/sanctuary-either-1.2.0.tgz",
      "integrity": "sha512-CFUK0OOGAe+t+Ct4yVLfkJPABIkplCvIgCOFIJZ+lIMNAeJrSaVacrZVqRErt4YKzDs42ZXecAEpoDL8rRAfsQ==",
      "requires": {
        "sanctuary-show": "1.0.x",
        "sanctuary-type-classes": "11.0.0"
      }
    },
    "sanctuary-maybe": {
      "version": "1.2.0",
      "resolved": "https://registry.npmjs.org/sanctuary-maybe/-/sanctuary-maybe-1.2.0.tgz",
      "integrity": "sha512-SH4dkyrruJe84/q8YMjc6kWyGbqPH6clM6yfJ/iosQZm+bGK2XPgcPs1yDN0U0zm1JzJ563zdwn64W+aMw5CDw==",
      "requires": {
        "sanctuary-show": "1.0.x",
        "sanctuary-type-classes": "11.0.0"
      }
    },
    "sanctuary-pair": {
      "version": "1.2.0",
      "resolved": "https://registry.npmjs.org/sanctuary-pair/-/sanctuary-pair-1.2.0.tgz",
      "integrity": "sha512-bPu+uFxFE2RP3hLlC6SRMsm4A2aEwHkDwHWuvGzHxYaclGnHCrHy0ykRTuR0Pgqy/ZlWl6zy+8Tek3jME3du6A==",
      "requires": {
        "sanctuary-show": "1.0.x",
        "sanctuary-type-classes": "11.0.0"
      }
    },
    "sanctuary-show": {
      "version": "1.0.0",
      "resolved": "https://registry.npmjs.org/sanctuary-show/-/sanctuary-show-1.0.0.tgz",
      "integrity": "sha512-63UqNGr5M6wkzKp6eGc/Gy6JBIV2PbzPd3q88+0F9z0qydAQsCWJ+7e4oor39rEEwj2GkZMDEhqGuiMl9eEnYw=="
    },
    "sanctuary-type-classes": {
      "version": "11.0.0",
      "resolved": "https://registry.npmjs.org/sanctuary-type-classes/-/sanctuary-type-classes-11.0.0.tgz",
      "integrity": "sha512-J9vfS19C9TSd0pIxz7dza0krxUGoo7LYdwQzkmO7zEsbzmPEwbB3HByLgN/zI+QYd0m08IdohAzYJSAd89Fdqg==",
      "requires": {
        "sanctuary-type-identifiers": "2.0.1"
      }
    },
    "sanctuary-type-identifiers": {
      "version": "2.0.1",
      "resolved": "https://registry.npmjs.org/sanctuary-type-identifiers/-/sanctuary-type-identifiers-2.0.1.tgz",
      "integrity": "sha1-/FJM9t2Szr/LsN2VCe/xkxWaIO0="
    }
  }
}
