{
  "name": "nodejs-console-app1",
  "version": "0.0.0",
  "lockfileVersion": 1,
  "requires": true,
  "dependencies": {
    "esm": {
      "version": "3.2.25",
      "resolved": "https://registry.npmjs.org/esm/-/esm-3.2.25.tgz",
      "integrity": "sha512-U1suiZ2oDVWv4zPO56S0NcR5QriEahGtdN2OR6FiOG4WJvcjBVFB0qI4+eKoWFH483PKGuLuu6V8Z4T5g63UVA=="
    },
    "fluture": {
      "version": "12.2.0",
      "resolved": "https://registry.npmjs.org/fluture/-/fluture-12.2.0.tgz",
      "integrity": "sha512-3Hs5gGA5/o1Fkz7jXndR6FStKD3VXJdto8WWvSMY5MRm0u6tJ51kxn/V+hpbSkkSlYd7TZ0hUVJ07iJPP7DS2w==",
      "requires": {
        "sanctuary-show": "^2.0.0",
        "sanctuary-type-identifiers": "^2.0.0"
      },
      "dependencies": {
        "sanctuary-show": {
          "version": "2.0.0",
          "resolved": "https://registry.npmjs.org/sanctuary-show/-/sanctuary-show-2.0.0.tgz",
          "integrity": "sha512-REj4ZiioUXnDLj6EpJ9HcYDIEGaEexmB9Fg5o6InZR9f0x5PfnnC21QeU9SZ9E7G8zXSZPNjy8VRUK4safbesw=="
        }
      }
    },
    "folktale": {
      "version": "2.3.2",
      "resolved": "https://registry.npmjs.org/folktale/-/folktale-2.3.2.tgz",
      "integrity": "sha512-+8GbtQBwEqutP0v3uajDDoN64K2ehmHd0cjlghhxh0WpcfPzAIjPA03e1VvHlxL02FVGR0A6lwXsNQKn3H1RNQ=="
    },
    "install": {
      "version": "0.12.2",
      "resolved": "https://registry.npmjs.org/install/-/install-0.12.2.tgz",
      "integrity": "sha512-+7thTb4Rpvs9mnlhHKGZFJbGOO6kyMgy+gg0sgM5vFzIFK0wrCYXqdlaM71Bi289DTuPHf61puMFsaZBcwDIrg=="
    },
    "node": {
      "version": "13.8.0",
      "resolved": "https://registry.npmjs.org/node/-/node-13.8.0.tgz",
      "integrity": "sha512-5lCiqlWPij8bl5bPMBbOtuhMsrhLlYm2zYmRfrEkvJl8OOjzXpc1Dej/mcd8C3wdwJ9E0VJLvqlHDMe70WUT4w==",
      "requires": {
        "node-bin-setup": "^1.0.0"
      }
    },
    "node-bin-setup": {
      "version": "1.0.6",
      "resolved": "https://registry.npmjs.org/node-bin-setup/-/node-bin-setup-1.0.6.tgz",
      "integrity": "sha512-uPIxXNis1CRbv1DwqAxkgBk5NFV3s7cMN/Gf556jSw6jBvV7ca4F9lRL/8cALcZecRibeqU+5dFYqFFmzv5a0Q=="
    },
    "node-fetch": {
      "version": "2.6.1",
      "resolved": "https://registry.npmjs.org/node-fetch/-/node-fetch-2.6.1.tgz",
      "integrity": "sha512-V4aYg89jEoVRxRb2fJdAg8FHvI7cEyYdVAh94HH0UIK8oJxUfkjlDQN9RbMx+bEjP7+ggMiFRprSti032Oipxw=="
    },
    "pratica": {
      "version": "1.6.1",
      "resolved": "https://registry.npmjs.org/pratica/-/pratica-1.6.1.tgz",
      "integrity": "sha512-tedOXdfA8up35cO3DOq953hu7877SyZtsWfU6+VRCYrZ0kjYK9fUzggZKYgMxas/O5gmG/xYrSiMsBXxRgWKrg=="
    },
    "ramda": {
      "version": "0.27.1",
      "resolved": "https://registry.npmjs.org/ramda/-/ramda-0.27.1.tgz",
      "integrity": "sha512-PgIdVpn5y5Yns8vqb8FzBUEYn98V3xcPgawAkkgj0YJ0qDsnHCiNmZYfOGMgOvoB0eWFLpYbhxUR3mxfDIMvpw=="
    },
    "rxjs": {
      "version": "6.5.4",
      "resolved": "https://registry.npmjs.org/rxjs/-/rxjs-6.5.4.tgz",
      "integrity": "sha512-naMQXcgEo3csAEGvw/NydRA0fuS2nDZJiw1YUWFKU7aPPAPGZEsD4Iimit96qwCieH6y614MCLYwdkrWx7z/7Q==",
      "requires": {
        "tslib": "^1.9.0"
      }
    },
    "rxjs-compat": {
      "version": "6.6.0",
      "resolved": "https://registry.npmjs.org/rxjs-compat/-/rxjs-compat-6.6.0.tgz",
      "integrity": "sha512-XvW8LM/3QnoehC74BAbC3bSiaSsfdZHC21QErD50TmdjNQhpQ6s3bM5PjcdcZWbX7mNgC3zi3BcbI9dWGJ6fsA=="
    },
    "sanctuary": {
      "version": "2.0.0",
      "resolved": "https://registry.npmjs.org/sanctuary/-/sanctuary-2.0.0.tgz",
      "integrity": "sha512-FYjhCKBS7meY4Lrjsx7CL+2+qnCsgUqJUvFYoLU7ahiGM8LqTOkhAtdGZGG+bhCIP0iCEfDWRq35pQJTfmtFrg==",
      "requires": {
        "sanctuary-def": "0.20.0",
        "sanctuary-either": "1.2.0",
        "sanctuary-maybe": "1.2.0",
        "sanctuary-pair": "1.2.0",
        "sanctuary-show": "1.0.0",
        "sanctuary-type-classes": "11.0.0",
        "sanctuary-type-identifiers": "2.0.1"
      }
    },
    "sanctuary-def": {
      "version": "0.20.0",
      "resolved": "https://registry.npmjs.org/sanctuary-def/-/sanctuary-def-0.20.0.tgz",
      "integrity": "sha512-BjDwAq+4aHZhKyOR35oVfVkCOLfKMOVw6UqQfkzL/Ul5G290J0nITSmnM9fP6EaH2rV/0quR7wgoCgX5Um5YGg==",
      "requires": {
        "sanctuary-either": "1.1.0",
        "sanctuary-show": "1.0.x",
        "sanctuary-type-classes": "11.0.x",
        "sanctuary-type-identifiers": "2.0.x"
      },
      "dependencies": {
        "sanctuary-either": {
          "version": "1.1.0",
          "resolved": "https://registry.npmjs.org/sanctuary-either/-/sanctuary-either-1.1.0.tgz",
          "integrity": "sha512-tQewdQTPKzuJGahV5iuILJM96I+AfIFn3vpi0s2FhHYENbRqO4JeFSWLNT1mJ9SupSJBopgWefWeUjq/ZKfdtg==",
          "requires": {
            "sanctuary-show": "1.0.x",
            "sanctuary-type-classes": "10.0.0"
          },
          "dependencies": {
            "sanctuary-type-classes": {
              "version": "10.0.0",
              "resolved": "https://registry.npmjs.org/sanctuary-type-classes/-/sanctuary-type-classes-10.0.0.tgz",
              "integrity": "sha512-h5Q1VkW/CmVbmoWDf6HdsgJbx5gc3n6R5lRzzKRssYSkghmqEuAr+0ThJs/bqJK8aiQwh3N2PXP4ZppYEDlSdg==",
              "requires": {
                "sanctuary-type-identifiers": "2.0.1"
              }
            }
          }
        }
      }
    },
    "sanctuary-either": {
      "version": "1.2.0",
      "resolved": "https://registry.npmjs.org/sanctuary-either/-/sanctuary-either-1.2.0.tgz",
      "integrity": "sha512-CFUK0OOGAe+t+Ct4yVLfkJPABIkplCvIgCOFIJZ+lIMNAeJrSaVacrZVqRErt4YKzDs42ZXecAEpoDL8rRAfsQ==",
      "requires": {
        "sanctuary-show": "1.0.x",
        "sanctuary-type-classes": "11.0.0"
      }
    },
    "sanctuary-maybe": {
      "version": "1.2.0",
      "resolved": "https://registry.npmjs.org/sanctuary-maybe/-/sanctuary-maybe-1.2.0.tgz",
      "integrity": "sha512-SH4dkyrruJe84/q8YMjc6kWyGbqPH6clM6yfJ/iosQZm+bGK2XPgcPs1yDN0U0zm1JzJ563zdwn64W+aMw5CDw==",
      "requires": {
        "sanctuary-show": "1.0.x",
        "sanctuary-type-classes": "11.0.0"
      }
    },
    "sanctuary-pair": {
      "version": "1.2.0",
      "resolved": "https://registry.npmjs.org/sanctuary-pair/-/sanctuary-pair-1.2.0.tgz",
      "integrity": "sha512-bPu+uFxFE2RP3hLlC6SRMsm4A2aEwHkDwHWuvGzHxYaclGnHCrHy0ykRTuR0Pgqy/ZlWl6zy+8Tek3jME3du6A==",
      "requires": {
        "sanctuary-show": "1.0.x",
        "sanctuary-type-classes": "11.0.0"
      }
    },
    "sanctuary-show": {
      "version": "1.0.0",
      "resolved": "https://registry.npmjs.org/sanctuary-show/-/sanctuary-show-1.0.0.tgz",
      "integrity": "sha512-63UqNGr5M6wkzKp6eGc/Gy6JBIV2PbzPd3q88+0F9z0qydAQsCWJ+7e4oor39rEEwj2GkZMDEhqGuiMl9eEnYw=="
    },
    "sanctuary-type-classes": {
      "version": "11.0.0",
      "resolved": "https://registry.npmjs.org/sanctuary-type-classes/-/sanctuary-type-classes-11.0.0.tgz",
      "integrity": "sha512-J9vfS19C9TSd0pIxz7dza0krxUGoo7LYdwQzkmO7zEsbzmPEwbB3HByLgN/zI+QYd0m08IdohAzYJSAd89Fdqg==",
      "requires": {
        "sanctuary-type-identifiers": "2.0.1"
      }
    },
    "sanctuary-type-identifiers": {
      "version": "2.0.1",
      "resolved": "https://registry.npmjs.org/sanctuary-type-identifiers/-/sanctuary-type-identifiers-2.0.1.tgz",
      "integrity": "sha1-/FJM9t2Szr/LsN2VCe/xkxWaIO0="
    },
    "tslib": {
      "version": "1.11.1",
      "resolved": "https://registry.npmjs.org/tslib/-/tslib-1.11.1.tgz",
      "integrity": "sha512-aZW88SY8kQbU7gpV19lN24LtXh/yD4ZZg6qieAJDDg+YBsJcSmLGK9QpnUjAKVG/xefmvJGd1WUmfpT/g6AJGA=="
    }
  }
}
